
Microsoft Visual Studio Solution File, Format Version 12.00
# Visual Studio Version 16
VisualStudioVersion = 16.0.30204.135
MinimumVisualStudioVersion = 10.0.40219.1
Project("{FAE04EC0-301F-11D3-BF4B-00C04F79EFBC}") = "HelloWorld", "HelloWorld\HelloWorld.csproj", "{0F8CFEEC-33B6-4227-805F-594D5F6B9CA7}"
EndProject
Global
	GlobalSection(SolutionConfigurationPlatforms) = preSolution
		Debug|Any CPU = Debug|Any CPU
		Release|Any CPU = Release|Any CPU
	EndGlobalSection
	GlobalSection(ProjectConfigurationPlatforms) = postSolution
		{0F8CFEEC-33B6-4227-805F-594D5F6B9CA7}.Debug|Any CPU.ActiveCfg = Debug|Any CPU
		{0F8CFEEC-33B6-4227-805F-594D5F6B9CA7}.Debug|Any CPU.Build.0 = Debug|Any CPU
		{0F8CFEEC-33B6-4227-805F-594D5F6B9CA7}.Release|Any CPU.ActiveCfg = Release|Any CPU
		{0F8CFEEC-33B6-4227-805F-594D5F6B9CA7}.Release|Any CPU.Build.0 = Release|Any CPU
	EndGlobalSection
	GlobalSection(SolutionProperties) = preSolution
		HideSolutionNode = FALSE
	EndGlobalSection
	GlobalSection(ExtensibilityGlobals) = postSolution
		SolutionGuid = {11487492-E26D-4614-B314-8E75F5AFDA83}
	EndGlobalSection
EndGlobal
